
Microsoft Visual Studio Solution File, Format Version 12.00
# Visual Studio 14
VisualStudioVersion = 14.0.25420.1
MinimumVisualStudioVersion = 10.0.40219.1
Project("{FAE04EC0-301F-11D3-BF4B-00C04F79EFBC}") = "Validate.Tests", "test\ValidateTests\Validate.Tests.csproj", "{A756F769-EF1E-4D12-8007-505931A1BEED}"
EndProject
Project("{FAE04EC0-301F-11D3-BF4B-00C04F79EFBC}") = "Validate", "src\Validate\Validate.csproj", "{FA54C4D4-4D48-499D-9706-ED3E5982EF7C}"
EndProject
Global
	GlobalSection(SolutionConfigurationPlatforms) = preSolution
		Debug|Any CPU = Debug|Any CPU
		Release|Any CPU = Release|Any CPU
	EndGlobalSection
	GlobalSection(ProjectConfigurationPlatforms) = postSolution
		{A756F769-EF1E-4D12-8007-505931A1BEED}.Debug|Any CPU.ActiveCfg = Debug|Any CPU
		{A756F769-EF1E-4D12-8007-505931A1BEED}.Debug|Any CPU.Build.0 = Debug|Any CPU
		{A756F769-EF1E-4D12-8007-505931A1BEED}.Release|Any CPU.ActiveCfg = Release|Any CPU
		{A756F769-EF1E-4D12-8007-505931A1BEED}.Release|Any CPU.Build.0 = Release|Any CPU
		{FA54C4D4-4D48-499D-9706-ED3E5982EF7C}.Debug|Any CPU.ActiveCfg = Debug|Any CPU
		{FA54C4D4-4D48-499D-9706-ED3E5982EF7C}.Debug|Any CPU.Build.0 = Debug|Any CPU
		{FA54C4D4-4D48-499D-9706-ED3E5982EF7C}.Release|Any CPU.ActiveCfg = Release|Any CPU
		{FA54C4D4-4D48-499D-9706-ED3E5982EF7C}.Release|Any CPU.Build.0 = Release|Any CPU
	EndGlobalSection
	GlobalSection(SolutionProperties) = preSolution
		HideSolutionNode = FALSE
	EndGlobalSection
EndGlobal
